
Microsoft Visual Studio Solution File, Format Version 12.00
# Visual Studio Version 16
VisualStudioVersion = 16.0.31205.134
MinimumVisualStudioVersion = 10.0.40219.1
Project("{8BC9CEB8-8B4A-11D0-8D11-00A0C91BC942}") = "GenerateDocumentation", "GenerateDocumentation\GenerateDocumentation.vcxproj", "{3271149E-C473-4170-AB23-93C7F9235C51}"
EndProject
Project("{8BC9CEB8-8B4A-11D0-8D11-00A0C91BC942}") = "Atmos", "..\atmos\Atmos\Atmos.vcxproj", "{0E94289D-72E8-4A52-B32A-7B26C1A9FF0C}"
EndProject
Project("{8BC9CEB8-8B4A-11D0-8D11-00A0C91BC942}") = "Chroma", "..\chroma\Chroma\Chroma.vcxproj", "{11D859BD-185B-40E3-9EBA-0FA17D6FD187}"
EndProject
Project("{8BC9CEB8-8B4A-11D0-8D11-00A0C91BC942}") = "Inscription", "..\inscription\Inscription\Inscription.vcxproj", "{93A2633A-46A4-4A08-AA6A-2C4DD75990B5}"
EndProject
Project("{8BC9CEB8-8B4A-11D0-8D11-00A0C91BC942}") = "Arca", "..\arca\Arca\Arca.vcxproj", "{56692CFB-B693-404E-9D98-A379D1370664}"
EndProject
Global
	GlobalSection(SolutionConfigurationPlatforms) = preSolution
		Debug|x64 = Debug|x64
		Debug|x86 = Debug|x86
		Release Debug|x64 = Release Debug|x64
		Release Debug|x86 = Release Debug|x86
		Release|x64 = Release|x64
		Release|x86 = Release|x86
	EndGlobalSection
	GlobalSection(ProjectConfigurationPlatforms) = postSolution
		{3271149E-C473-4170-AB23-93C7F9235C51}.Debug|x64.ActiveCfg = Debug|x64
		{3271149E-C473-4170-AB23-93C7F9235C51}.Debug|x64.Build.0 = Debug|x64
		{3271149E-C473-4170-AB23-93C7F9235C51}.Debug|x86.ActiveCfg = Debug|Win32
		{3271149E-C473-4170-AB23-93C7F9235C51}.Debug|x86.Build.0 = Debug|Win32
		{3271149E-C473-4170-AB23-93C7F9235C51}.Release Debug|x64.ActiveCfg = Release|x64
		{3271149E-C473-4170-AB23-93C7F9235C51}.Release Debug|x64.Build.0 = Release|x64
		{3271149E-C473-4170-AB23-93C7F9235C51}.Release Debug|x86.ActiveCfg = Release|Win32
		{3271149E-C473-4170-AB23-93C7F9235C51}.Release Debug|x86.Build.0 = Release|Win32
		{3271149E-C473-4170-AB23-93C7F9235C51}.Release|x64.ActiveCfg = Release|x64
		{3271149E-C473-4170-AB23-93C7F9235C51}.Release|x64.Build.0 = Release|x64
		{3271149E-C473-4170-AB23-93C7F9235C51}.Release|x86.ActiveCfg = Release|Win32
		{3271149E-C473-4170-AB23-93C7F9235C51}.Release|x86.Build.0 = Release|Win32
		{0E94289D-72E8-4A52-B32A-7B26C1A9FF0C}.Debug|x64.ActiveCfg = Debug|x64
		{0E94289D-72E8-4A52-B32A-7B26C1A9FF0C}.Debug|x64.Build.0 = Debug|x64
		{0E94289D-72E8-4A52-B32A-7B26C1A9FF0C}.Debug|x86.ActiveCfg = Debug|Win32
		{0E94289D-72E8-4A52-B32A-7B26C1A9FF0C}.Debug|x86.Build.0 = Debug|Win32
		{0E94289D-72E8-4A52-B32A-7B26C1A9FF0C}.Release Debug|x64.ActiveCfg = Release Debug|x64
		{0E94289D-72E8-4A52-B32A-7B26C1A9FF0C}.Release Debug|x64.Build.0 = Release Debug|x64
		{0E94289D-72E8-4A52-B32A-7B26C1A9FF0C}.Release Debug|x86.ActiveCfg = Release Debug|Win32
		{0E94289D-72E8-4A52-B32A-7B26C1A9FF0C}.Release Debug|x86.Build.0 = Release Debug|Win32
		{0E94289D-72E8-4A52-B32A-7B26C1A9FF0C}.Release|x64.ActiveCfg = Release|x64
		{0E94289D-72E8-4A52-B32A-7B26C1A9FF0C}.Release|x64.Build.0 = Release|x64
		{0E94289D-72E8-4A52-B32A-7B26C1A9FF0C}.Release|x86.ActiveCfg = Release|Win32
		{0E94289D-72E8-4A52-B32A-7B26C1A9FF0C}.Release|x86.Build.0 = Release|Win32
		{11D859BD-185B-40E3-9EBA-0FA17D6FD187}.Debug|x64.ActiveCfg = Debug|x64
		{11D859BD-185B-40E3-9EBA-0FA17D6FD187}.Debug|x64.Build.0 = Debug|x64
		{11D859BD-185B-40E3-9EBA-0FA17D6FD187}.Debug|x86.ActiveCfg = Debug|Win32
		{11D859BD-185B-40E3-9EBA-0FA17D6FD187}.Debug|x86.Build.0 = Debug|Win32
		{11D859BD-185B-40E3-9EBA-0FA17D6FD187}.Release Debug|x64.ActiveCfg = Release Debug|x64
		{11D859BD-185B-40E3-9EBA-0FA17D6FD187}.Release Debug|x64.Build.0 = Release Debug|x64
		{11D859BD-185B-40E3-9EBA-0FA17D6FD187}.Release Debug|x86.ActiveCfg = Release Debug|Win32
		{11D859BD-185B-40E3-9EBA-0FA17D6FD187}.Release Debug|x86.Build.0 = Release Debug|Win32
		{11D859BD-185B-40E3-9EBA-0FA17D6FD187}.Release|x64.ActiveCfg = Release|x64
		{11D859BD-185B-40E3-9EBA-0FA17D6FD187}.Release|x64.Build.0 = Release|x64
		{11D859BD-185B-40E3-9EBA-0FA17D6FD187}.Release|x86.ActiveCfg = Release|Win32
		{11D859BD-185B-40E3-9EBA-0FA17D6FD187}.Release|x86.Build.0 = Release|Win32
		{93A2633A-46A4-4A08-AA6A-2C4DD75990B5}.Debug|x64.ActiveCfg = Debug|x64
		{93A2633A-46A4-4A08-AA6A-2C4DD75990B5}.Debug|x64.Build.0 = Debug|x64
		{93A2633A-46A4-4A08-AA6A-2C4DD75990B5}.Debug|x86.ActiveCfg = Debug|Win32
		{93A2633A-46A4-4A08-AA6A-2C4DD75990B5}.Debug|x86.Build.0 = Debug|Win32
		{93A2633A-46A4-4A08-AA6A-2C4DD75990B5}.Release Debug|x64.ActiveCfg = Release Debug|x64
		{93A2633A-46A4-4A08-AA6A-2C4DD75990B5}.Release Debug|x64.Build.0 = Release Debug|x64
		{93A2633A-46A4-4A08-AA6A-2C4DD75990B5}.Release Debug|x86.ActiveCfg = Release Debug|Win32
		{93A2633A-46A4-4A08-AA6A-2C4DD75990B5}.Release Debug|x86.Build.0 = Release Debug|Win32
		{93A2633A-46A4-4A08-AA6A-2C4DD75990B5}.Release|x64.ActiveCfg = Release|x64
		{93A2633A-46A4-4A08-AA6A-2C4DD75990B5}.Release|x64.Build.0 = Release|x64
		{93A2633A-46A4-4A08-AA6A-2C4DD75990B5}.Release|x86.ActiveCfg = Release|Win32
		{93A2633A-46A4-4A08-AA6A-2C4DD75990B5}.Release|x86.Build.0 = Release|Win32
		{56692CFB-B693-404E-9D98-A379D1370664}.Debug|x64.ActiveCfg = Debug|x64
		{56692CFB-B693-404E-9D98-A379D1370664}.Debug|x64.Build.0 = Debug|x64
		{56692CFB-B693-404E-9D98-A379D1370664}.Debug|x86.ActiveCfg = Debug|Win32
		{56692CFB-B693-404E-9D98-A379D1370664}.Debug|x86.Build.0 = Debug|Win32
		{56692CFB-B693-404E-9D98-A379D1370664}.Release Debug|x64.ActiveCfg = Release|x64
		{56692CFB-B693-404E-9D98-A379D1370664}.Release Debug|x64.Build.0 = Release|x64
		{56692CFB-B693-404E-9D98-A379D1370664}.Release Debug|x86.ActiveCfg = Release|Win32
		{56692CFB-B693-404E-9D98-A379D1370664}.Release Debug|x86.Build.0 = Release|Win32
		{56692CFB-B693-404E-9D98-A379D1370664}.Release|x64.ActiveCfg = Release|x64
		{56692CFB-B693-404E-9D98-A379D1370664}.Release|x64.Build.0 = Release|x64
		{56692CFB-B693-404E-9D98-A379D1370664}.Release|x86.ActiveCfg = Release|Win32
		{56692CFB-B693-404E-9D98-A379D1370664}.Release|x86.Build.0 = Release|Win32
	EndGlobalSection
	GlobalSection(SolutionProperties) = preSolution
		HideSolutionNode = FALSE
	EndGlobalSection
	GlobalSection(ExtensibilityGlobals) = postSolution
		SolutionGuid = {FDB7A6D2-2040-4B6A-8F28-C63AB14B7C78}
	EndGlobalSection
EndGlobal
